{
  "name": "webarchive-server",
  "version": "0.1.0",
  "lockfileVersion": 3,
  "requires": true,
  "packages": {
    "": {
      "name": "webarchive-server",
      "version": "0.1.0",
      "dependencies": {
        "@hono/node-server": "^2.1.1",
        "chokidar": "^5.0.0",
        "hono": "^4.13.5",
        "ulid": "^3.0.2"
      },
      "engines": {
        "node": ">=22.13"
      }
    },
    "node_modules/@hono/node-server": {
      "version": "2.1.1",
      "resolved": "https://registry.npmjs.org/@hono/node-server/-/node-server-2.1.1.tgz",
      "integrity": "sha512-ELuehkj5VCBdgEw9zs+ivkKwyzzUCSQuE96YmiPvn1ECBoZCczbFXJLeEGMTYjphP6gydh4pHMqEYPVMYUVgQg==",
      "license": "MIT",
      "engines": {
        "node": ">=20"
      },
      "peerDependencies": {
        "hono": "^4"
      }
    },
    "node_modules/chokidar": {
      "version": "5.0.0",
      "resolved": "https://registry.npmjs.org/chokidar/-/chokidar-5.0.0.tgz",
      "integrity": "sha512-TQMmc3w+5AxjpL8iIiwebF73dRDF4fBIieAqGn9RGCWaEVwQ6Fb2cGe31Yns0RRIzii5goJ1Y7xbMwo1TxMplw==",
      "license": "MIT",
      "dependencies": {
        "readdirp": "^5.0.0"
      },
      "engines": {
        "node": ">= 20.19.0"
      },
      "funding": {
        "url": "https://paulmillr.com/funding/"
      }
    },
    "node_modules/hono": {
      "version": "4.13.5",
      "resolved": "https://registry.npmjs.org/hono/-/hono-4.13.5.tgz",
      "integrity": "sha512-O6+/eCYRkzzzy0rPWwKLiGBR1nFuUPZynnwjxN1MBA62NNqbT0wQEzQyK2gSO5yDIDB336sXQleAhOHrzlYyKw==",
      "license": "MIT",
      "engines": {
        "node": ">=16.9.0"
      }
    },
    "node_modules/readdirp": {
      "version": "5.1.1",
      "resolved": "https://registry.npmjs.org/readdirp/-/readdirp-5.1.1.tgz",
      "integrity": "sha512-Kko+Y5XQ6fM+Ce3dq3m9YGxnacYZYl9cA1wZjaF3Vbry2L3i1qVg8+CAgNPsXRArPMUMCaOR7oa9Nqntc43JKA==",
      "license": "MIT",
      "engines": {
        "node": ">= 20.19.0"
      },
      "funding": {
        "type": "individual",
        "url": "https://paulmillr.com/funding/"
      }
    },
    "node_modules/ulid": {
      "version": "3.0.2",
      "resolved": "https://registry.npmjs.org/ulid/-/ulid-3.0.2.tgz",
      "integrity": "sha512-yu26mwteFYzBAot7KVMqFGCVpsF6g8wXfJzQUHvu1no3+rRRSFcSV2nKeYvNPLD2J4b08jYBDhHUjeH0ygIl9w==",
      "license": "MIT",
      "bin": {
        "ulid": "dist/cli.js"
      }
    }
  }
}
